// !$*UTF8*$!
{
	archiveVersion = 1;
	classes = {
	};
	objectVersion = 56;
	objects = {

/* Begin PBXBuildFile section */
		801A95712E76959900A9AC63 /* WakeOrPayApp.swift in Sources */ = {isa = PBXBuildFile; fileRef = 801A95702E76959900A9AC63 /* WakeOrPayApp.swift */; };
		801A95732E76959900A9AC63 /* ContentView.swift in Sources */ = {isa = PBXBuildFile; fileRef = 801A95722E76959900A9AC63 /* ContentView.swift */; };
		801A95752E76959B00A9AC63 /* Assets.xcassets in Resources */ = {isa = PBXBuildFile; fileRef = 801A95742E76959B00A9AC63 /* Assets.xcassets */; };
		801A95782E76959B00A9AC63 /* Preview Assets.xcassets in Resources */ = {isa = PBXBuildFile; fileRef = 801A95772E76959B00A9AC63 /* Preview Assets.xcassets */; };
		80AE5BBB2E76A3FC0062618B /* Alarm.swift in Sources */ = {isa = PBXBuildFile; fileRef = 80AE5BB82E76A3FC0062618B /* Alarm.swift */; };
		80AE5BBC2E76A3FC0062618B /* AlarmSettings.swift in Sources */ = {isa = PBXBuildFile; fileRef = 80AE5BB92E76A3FC0062618B /* AlarmSettings.swift */; };
		80AE5BC12E76A40D0062618B /* AlarmService.swift in Sources */ = {isa = PBXBuildFile; fileRef = 80AE5BBD2E76A40D0062618B /* AlarmService.swift */; };
		80AE5BC22E76A40D0062618B /* NotificationService.swift in Sources */ = {isa = PBXBuildFile; fileRef = 80AE5BBE2E76A40D0062618B /* NotificationService.swift */; };
		80AE5BC32E76A40D0062618B /* SoundService.swift in Sources */ = {isa = PBXBuildFile; fileRef = 80AE5BBF2E76A40D0062618B /* SoundService.swift */; };
		80AE5BCF2E76A42E0062618B /* AddAlarmView.swift in Sources */ = {isa = PBXBuildFile; fileRef = 80AE5BC42E76A42E0062618B /* AddAlarmView.swift */; };
		80AE5BD02E76A42E0062618B /* AlarmDetailView.swift in Sources */ = {isa = PBXBuildFile; fileRef = 80AE5BC52E76A42E0062618B /* AlarmDetailView.swift */; };
		80AE5BD12E76A42E0062618B /* AlarmDetailViewModel.swift in Sources */ = {isa = PBXBuildFile; fileRef = 80AE5BC62E76A42E0062618B /* AlarmDetailViewModel.swift */; };
		80AE5BD22E76A42E0062618B /* AlarmListView.swift in Sources */ = {isa = PBXBuildFile; fileRef = 80AE5BC82E76A42E0062618B /* AlarmListView.swift */; };
		80AE5BD32E76A42E0062618B /* AlarmListViewModel.swift in Sources */ = {isa = PBXBuildFile; fileRef = 80AE5BC92E76A42E0062618B /* AlarmListViewModel.swift */; };
		80AE5BD42E76A42E0062618B /* SettingsView.swift in Sources */ = {isa = PBXBuildFile; fileRef = 80AE5BCB2E76A42E0062618B /* SettingsView.swift */; };
		80AE5BD52E76A42E0062618B /* SettingsViewModel.swift in Sources */ = {isa = PBXBuildFile; fileRef = 80AE5BCC2E76A42E0062618B /* SettingsViewModel.swift */; };
		80AE5BDC2E76A43B0062618B /* AppConstants.swift in Sources */ = {isa = PBXBuildFile; fileRef = 80AE5BD62E76A43B0062618B /* AppConstants.swift */; };
		80AE5BDD2E76A43B0062618B /* DateUtils.swift in Sources */ = {isa = PBXBuildFile; fileRef = 80AE5BD82E76A43B0062618B /* DateUtils.swift */; };
		80AE5BDE2E76A43B0062618B /* QRCodeUtils.swift in Sources */ = {isa = PBXBuildFile; fileRef = 80AE5BD92E76A43B0062618B /* QRCodeUtils.swift */; };
		80AE5BE62E76A4480062618B /* AppColors.swift in Sources */ = {isa = PBXBuildFile; fileRef = 80AE5BDF2E76A4480062618B /* AppColors.swift */; };
		80AE5BEB2E76A8B20062618B /* Preview Assets.xcassets in Resources */ = {isa = PBXBuildFile; fileRef = 80AE5BE92E76A8B20062618B /* Preview Assets.xcassets */; };
/* End PBXBuildFile section */

/* Begin PBXFileReference section */
		801A956D2E76959900A9AC63 /* WakeOrPay.app */ = {isa = PBXFileReference; explicitFileType = wrapper.application; includeInIndex = 0; path = WakeOrPay.app; sourceTree = BUILT_PRODUCTS_DIR; };
		801A95702E76959900A9AC63 /* WakeOrPayApp.swift */ = {isa = PBXFileReference; lastKnownFileType = sourcecode.swift; path = WakeOrPayApp.swift; sourceTree = "<group>"; };
		801A95722E76959900A9AC63 /* ContentView.swift */ = {isa = PBXFileReference; lastKnownFileType = sourcecode.swift; path = ContentView.swift; sourceTree = "<group>"; };
		801A95742E76959B00A9AC63 /* Assets.xcassets */ = {isa = PBXFileReference; lastKnownFileType = folder.assetcatalog; path = Assets.xcassets; sourceTree = "<group>"; };
		801A95772E76959B00A9AC63 /* Preview Assets.xcassets */ = {isa = PBXFileReference; lastKnownFileType = folder.assetcatalog; path = "Preview Assets.xcassets"; sourceTree = "<group>"; };
		80AE5BB82E76A3FC0062618B /* Alarm.swift */ = {isa = PBXFileReference; fileEncoding = 4; lastKnownFileType = sourcecode.swift; path = Alarm.swift; sourceTree = "<group>"; };
		80AE5BB92E76A3FC0062618B /* AlarmSettings.swift */ = {isa = PBXFileReference; fileEncoding = 4; lastKnownFileType = sourcecode.swift; path = AlarmSettings.swift; sourceTree = "<group>"; };
		80AE5BBD2E76A40D0062618B /* AlarmService.swift */ = {isa = PBXFileReference; fileEncoding = 4; lastKnownFileType = sourcecode.swift; path = AlarmService.swift; sourceTree = "<group>"; };
		80AE5BBE2E76A40D0062618B /* NotificationService.swift */ = {isa = PBXFileReference; fileEncoding = 4; lastKnownFileType = sourcecode.swift; path = NotificationService.swift; sourceTree = "<group>"; };
		80AE5BBF2E76A40D0062618B /* SoundService.swift */ = {isa = PBXFileReference; fileEncoding = 4; lastKnownFileType = sourcecode.swift; path = SoundService.swift; sourceTree = "<group>"; };
		80AE5BC42E76A42E0062618B /* AddAlarmView.swift */ = {isa = PBXFileReference; fileEncoding = 4; lastKnownFileType = sourcecode.swift; path = AddAlarmView.swift; sourceTree = "<group>"; };
		80AE5BC52E76A42E0062618B /* AlarmDetailView.swift */ = {isa = PBXFileReference; fileEncoding = 4; lastKnownFileType = sourcecode.swift; path = AlarmDetailView.swift; sourceTree = "<group>"; };
		80AE5BC62E76A42E0062618B /* AlarmDetailViewModel.swift */ = {isa = PBXFileReference; fileEncoding = 4; lastKnownFileType = sourcecode.swift; path = AlarmDetailViewModel.swift; sourceTree = "<group>"; };
		80AE5BC82E76A42E0062618B /* AlarmListView.swift */ = {isa = PBXFileReference; fileEncoding = 4; lastKnownFileType = sourcecode.swift; path = AlarmListView.swift; sourceTree = "<group>"; };
		80AE5BC92E76A42E0062618B /* AlarmListViewModel.swift */ = {isa = PBXFileReference; fileEncoding = 4; lastKnownFileType = sourcecode.swift; path = AlarmListViewModel.swift; sourceTree = "<group>"; };
		80AE5BCB2E76A42E0062618B /* SettingsView.swift */ = {isa = PBXFileReference; fileEncoding = 4; lastKnownFileType = sourcecode.swift; path = SettingsView.swift; sourceTree = "<group>"; };
		80AE5BCC2E76A42E0062618B /* SettingsViewModel.swift */ = {isa = PBXFileReference; fileEncoding = 4; lastKnownFileType = sourcecode.swift; path = SettingsViewModel.swift; sourceTree = "<group>"; };
		80AE5BD62E76A43B0062618B /* AppConstants.swift */ = {isa = PBXFileReference; fileEncoding = 4; lastKnownFileType = sourcecode.swift; path = AppConstants.swift; sourceTree = "<group>"; };
		80AE5BD82E76A43B0062618B /* DateUtils.swift */ = {isa = PBXFileReference; fileEncoding = 4; lastKnownFileType = sourcecode.swift; path = DateUtils.swift; sourceTree = "<group>"; };
		80AE5BD92E76A43B0062618B /* QRCodeUtils.swift */ = {isa = PBXFileReference; fileEncoding = 4; lastKnownFileType = sourcecode.swift; path = QRCodeUtils.swift; sourceTree = "<group>"; };
		80AE5BDF2E76A4480062618B /* AppColors.swift */ = {isa = PBXFileReference; fileEncoding = 4; lastKnownFileType = sourcecode.swift; path = AppColors.swift; sourceTree = "<group>"; };
		80AE5BE92E76A8B20062618B /* Preview Assets.xcassets */ = {isa = PBXFileReference; lastKnownFileType = folder.assetcatalog; path = "Preview Assets.xcassets"; sourceTree = "<group>"; };
		80BE1BC72E782737001C1B36 /* Info.plist */ = {isa = PBXFileReference; lastKnownFileType = text.plist; path = Info.plist; sourceTree = "<group>"; };
/* End PBXFileReference section */

/* Begin PBXFrameworksBuildPhase section */
		801A956A2E76959900A9AC63 /* Frameworks */ = {
			isa = PBXFrameworksBuildPhase;
			buildActionMask = 2147483647;
			files = (
			);
			runOnlyForDeploymentPostprocessing = 0;
		};
/* End PBXFrameworksBuildPhase section */

/* Begin PBXGroup section */
		801A95642E76959900A9AC63 = {
			isa = PBXGroup;
			children = (
				801A956F2E76959900A9AC63 /* WakeOrPay */,
				801A956E2E76959900A9AC63 /* Products */,
			);
			sourceTree = "<group>";
		};
		801A956E2E76959900A9AC63 /* Products */ = {
			isa = PBXGroup;
			children = (
				801A956D2E76959900A9AC63 /* WakeOrPay.app */,
			);
			name = Products;
			sourceTree = "<group>";
		};
		801A956F2E76959900A9AC63 /* WakeOrPay */ = {
			isa = PBXGroup;
			children = (
				80BE1BC72E782737001C1B36 /* Info.plist */,
				80AE5BEA2E76A8B20062618B /* Preview Content */,
				80AE5BE52E76A4480062618B /* Resources */,
				80AE5BDB2E76A43B0062618B /* Shared */,
				80AE5BCE2E76A42E0062618B /* Features */,
				80AE5BC02E76A40D0062618B /* Services */,
				80AE5BBA2E76A3FC0062618B /* Models */,
				801A95702E76959900A9AC63 /* WakeOrPayApp.swift */,
				801A95722E76959900A9AC63 /* ContentView.swift */,
				801A95742E76959B00A9AC63 /* Assets.xcassets */,
				801A95762E76959B00A9AC63 /* Preview Content */,
			);
			path = WakeOrPay;
			sourceTree = "<group>";
		};
		801A95762E76959B00A9AC63 /* Preview Content */ = {
			isa = PBXGroup;
			children = (
				801A95772E76959B00A9AC63 /* Preview Assets.xcassets */,
			);
			path = "Preview Content";
			sourceTree = "<group>";
		};
		80AE5BBA2E76A3FC0062618B /* Models */ = {
			isa = PBXGroup;
			children = (
				80AE5BB82E76A3FC0062618B /* Alarm.swift */,
				80AE5BB92E76A3FC0062618B /* AlarmSettings.swift */,
			);
			path = Models;
			sourceTree = "<group>";
		};
		80AE5BC02E76A40D0062618B /* Services */ = {
			isa = PBXGroup;
			children = (
				80AE5BBD2E76A40D0062618B /* AlarmService.swift */,
				80AE5BBE2E76A40D0062618B /* NotificationService.swift */,
				80AE5BBF2E76A40D0062618B /* SoundService.swift */,
			);
			path = Services;
			sourceTree = "<group>";
		};
		80AE5BC72E76A42E0062618B /* AlarmDetail */ = {
			isa = PBXGroup;
			children = (
				80AE5BC42E76A42E0062618B /* AddAlarmView.swift */,
				80AE5BC52E76A42E0062618B /* AlarmDetailView.swift */,
				80AE5BC62E76A42E0062618B /* AlarmDetailViewModel.swift */,
			);
			path = AlarmDetail;
			sourceTree = "<group>";
		};
		80AE5BCA2E76A42E0062618B /* AlarmList */ = {
			isa = PBXGroup;
			children = (
				80AE5BC82E76A42E0062618B /* AlarmListView.swift */,
				80AE5BC92E76A42E0062618B /* AlarmListViewModel.swift */,
			);
			path = AlarmList;
			sourceTree = "<group>";
		};
		80AE5BCD2E76A42E0062618B /* Settings */ = {
			isa = PBXGroup;
			children = (
				80AE5BCB2E76A42E0062618B /* SettingsView.swift */,
				80AE5BCC2E76A42E0062618B /* SettingsViewModel.swift */,
			);
			path = Settings;
			sourceTree = "<group>";
		};
		80AE5BCE2E76A42E0062618B /* Features */ = {
			isa = PBXGroup;
			children = (
				80AE5BC72E76A42E0062618B /* AlarmDetail */,
				80AE5BCA2E76A42E0062618B /* AlarmList */,
				80AE5BCD2E76A42E0062618B /* Settings */,
			);
			path = Features;
			sourceTree = "<group>";
		};
		80AE5BD72E76A43B0062618B /* Constants */ = {
			isa = PBXGroup;
			children = (
				80AE5BD62E76A43B0062618B /* AppConstants.swift */,
			);
			path = Constants;
			sourceTree = "<group>";
		};
		80AE5BDA2E76A43B0062618B /* Utils */ = {
			isa = PBXGroup;
			children = (
				80AE5BD82E76A43B0062618B /* DateUtils.swift */,
				80AE5BD92E76A43B0062618B /* QRCodeUtils.swift */,
			);
			path = Utils;
			sourceTree = "<group>";
		};
		80AE5BDB2E76A43B0062618B /* Shared */ = {
			isa = PBXGroup;
			children = (
				80AE5BD72E76A43B0062618B /* Constants */,
				80AE5BDA2E76A43B0062618B /* Utils */,
			);
			path = Shared;
			sourceTree = "<group>";
		};
		80AE5BE02E76A4480062618B /* Colors */ = {
			isa = PBXGroup;
			children = (
				80AE5BDF2E76A4480062618B /* AppColors.swift */,
			);
			path = Colors;
			sourceTree = "<group>";
		};
		80AE5BE22E76A4480062618B /* Icons */ = {
			isa = PBXGroup;
			children = (
			);
			path = Icons;
			sourceTree = "<group>";
		};
		80AE5BE42E76A4480062618B /* Sounds */ = {
			isa = PBXGroup;
			children = (
			);
			path = Sounds;
			sourceTree = "<group>";
		};
		80AE5BE52E76A4480062618B /* Resources */ = {
			isa = PBXGroup;
			children = (
				80AE5BE02E76A4480062618B /* Colors */,
				80AE5BE22E76A4480062618B /* Icons */,
				80AE5BE42E76A4480062618B /* Sounds */,
			);
			path = Resources;
			sourceTree = "<group>";
		};
		80AE5BEA2E76A8B20062618B /* Preview Content */ = {
			isa = PBXGroup;
			children = (
				80AE5BE92E76A8B20062618B /* Preview Assets.xcassets */,
			);
			path = "Preview Content";
			sourceTree = "<group>";
		};
/* End PBXGroup section */

/* Begin PBXNativeTarget section */
		801A956C2E76959900A9AC63 /* WakeOrPay */ = {
			isa = PBXNativeTarget;
			buildConfigurationList = 801A957B2E76959B00A9AC63 /* Build configuration list for PBXNativeTarget "WakeOrPay" */;
			buildPhases = (
				801A95692E76959900A9AC63 /* Sources */,
				801A956A2E76959900A9AC63 /* Frameworks */,
				801A956B2E76959900A9AC63 /* Resources */,
			);
			buildRules = (
			);
			dependencies = (
			);
			name = WakeOrPay;
			productName = WakeOrPay;
			productReference = 801A956D2E76959900A9AC63 /* WakeOrPay.app */;
			productType = "com.apple.product-type.application";
		};
/* End PBXNativeTarget section */

/* Begin PBXProject section */
		801A95652E76959900A9AC63 /* Project object */ = {
			isa = PBXProject;
			attributes = {
				BuildIndependentTargetsInParallel = 1;
				LastSwiftUpdateCheck = 1540;
				LastUpgradeCheck = 1540;
				TargetAttributes = {
					801A956C2E76959900A9AC63 = {
						CreatedOnToolsVersion = 15.4;
					};
				};
			};
			buildConfigurationList = 801A95682E76959900A9AC63 /* Build configuration list for PBXProject "WakeOrPay" */;
			compatibilityVersion = "Xcode 14.0";
			developmentRegion = en;
			hasScannedForEncodings = 0;
			knownRegions = (
				en,
				Base,
			);
			mainGroup = 801A95642E76959900A9AC63;
			productRefGroup = 801A956E2E76959900A9AC63 /* Products */;
			projectDirPath = "";
			projectRoot = "";
			targets = (
				801A956C2E76959900A9AC63 /* WakeOrPay */,
			);
		};
/* End PBXProject section */

/* Begin PBXResourcesBuildPhase section */
		801A956B2E76959900A9AC63 /* Resources */ = {
			isa = PBXResourcesBuildPhase;
			buildActionMask = 2147483647;
			files = (
				801A95782E76959B00A9AC63 /* Preview Assets.xcassets in Resources */,
				80AE5BEB2E76A8B20062618B /* Preview Assets.xcassets in Resources */,
				801A95752E76959B00A9AC63 /* Assets.xcassets in Resources */,
			);
			runOnlyForDeploymentPostprocessing = 0;
		};
/* End PBXResourcesBuildPhase section */

/* Begin PBXSourcesBuildPhase section */
		801A95692E76959900A9AC63 /* Sources */ = {
			isa = PBXSourcesBuildPhase;
			buildActionMask = 2147483647;
			files = (
				80AE5BBC2E76A3FC0062618B /* AlarmSettings.swift in Sources */,
				80AE5BC12E76A40D0062618B /* AlarmService.swift in Sources */,
				80AE5BC32E76A40D0062618B /* SoundService.swift in Sources */,
				80AE5BD22E76A42E0062618B /* AlarmListView.swift in Sources */,
				80AE5BDC2E76A43B0062618B /* AppConstants.swift in Sources */,
				80AE5BD32E76A42E0062618B /* AlarmListViewModel.swift in Sources */,
				80AE5BDE2E76A43B0062618B /* QRCodeUtils.swift in Sources */,
				801A95732E76959900A9AC63 /* ContentView.swift in Sources */,
				801A95712E76959900A9AC63 /* WakeOrPayApp.swift in Sources */,
				80AE5BE62E76A4480062618B /* AppColors.swift in Sources */,
				80AE5BD02E76A42E0062618B /* AlarmDetailView.swift in Sources */,
				80AE5BDD2E76A43B0062618B /* DateUtils.swift in Sources */,
				80AE5BC22E76A40D0062618B /* NotificationService.swift in Sources */,
				80AE5BCF2E76A42E0062618B /* AddAlarmView.swift in Sources */,
				80AE5BBB2E76A3FC0062618B /* Alarm.swift in Sources */,
				80AE5BD12E76A42E0062618B /* AlarmDetailViewModel.swift in Sources */,
				80AE5BD42E76A42E0062618B /* SettingsView.swift in Sources */,
				80AE5BD52E76A42E0062618B /* SettingsViewModel.swift in Sources */,
			);
			runOnlyForDeploymentPostprocessing = 0;
		};
/* End PBXSourcesBuildPhase section */

/* Begin XCBuildConfiguration section */
		801A95792E76959B00A9AC63 /* Debug */ = {
			isa = XCBuildConfiguration;
			buildSettings = {
				ALWAYS_SEARCH_USER_PATHS = NO;
				ASSETCATALOG_COMPILER_GENERATE_SWIFT_ASSET_SYMBOL_EXTENSIONS = YES;
				CLANG_ANALYZER_NONNULL = YES;
				CLANG_ANALYZER_NUMBER_OBJECT_CONVERSION = YES_AGGRESSIVE;
				CLANG_CXX_LANGUAGE_STANDARD = "gnu++20";
				CLANG_ENABLE_MODULES = YES;
				CLANG_ENABLE_OBJC_ARC = YES;
				CLANG_ENABLE_OBJC_WEAK = YES;
				CLANG_WARN_BLOCK_CAPTURE_AUTORELEASING = YES;
				CLANG_WARN_BOOL_CONVERSION = YES;
				CLANG_WARN_COMMA = YES;
				CLANG_WARN_CONSTANT_CONVERSION = YES;
				CLANG_WARN_DEPRECATED_OBJC_IMPLEMENTATIONS = YES;
				CLANG_WARN_DIRECT_OBJC_ISA_USAGE = YES_ERROR;
				CLANG_WARN_DOCUMENTATION_COMMENTS = YES;
				CLANG_WARN_EMPTY_BODY = YES;
				CLANG_WARN_ENUM_CONVERSION = YES;
				CLANG_WARN_INFINITE_RECURSION = YES;
				CLANG_WARN_INT_CONVERSION = YES;
				CLANG_WARN_NON_LITERAL_NULL_CONVERSION = YES;
				CLANG_WARN_OBJC_IMPLICIT_RETAIN_SELF = YES;
				CLANG_WARN_OBJC_LITERAL_CONVERSION = YES;
				CLANG_WARN_OBJC_ROOT_CLASS = YES_ERROR;
				CLANG_WARN_QUOTED_INCLUDE_IN_FRAMEWORK_HEADER = YES;
				CLANG_WARN_RANGE_LOOP_ANALYSIS = YES;
				CLANG_WARN_STRICT_PROTOTYPES = YES;
				CLANG_WARN_SUSPICIOUS_MOVE = YES;
				CLANG_WARN_UNGUARDED_AVAILABILITY = YES_AGGRESSIVE;
				CLANG_WARN_UNREACHABLE_CODE = YES;
				CLANG_WARN__DUPLICATE_METHOD_MATCH = YES;
				COPY_PHASE_STRIP = NO;
				DEBUG_INFORMATION_FORMAT = dwarf;
				ENABLE_STRICT_OBJC_MSGSEND = YES;
				ENABLE_TESTABILITY = YES;
				ENABLE_USER_SCRIPT_SANDBOXING = YES;
				GCC_C_LANGUAGE_STANDARD = gnu17;
				GCC_DYNAMIC_NO_PIC = NO;
				GCC_NO_COMMON_BLOCKS = YES;
				GCC_OPTIMIZATION_LEVEL = 0;
				GCC_PREPROCESSOR_DEFINITIONS = (
					"DEBUG=1",
					"$(inherited)",
				);
				GCC_WARN_64_TO_32_BIT_CONVERSION = YES;
				GCC_WARN_ABOUT_RETURN_TYPE = YES_ERROR;
				GCC_WARN_UNDECLARED_SELECTOR = YES;
				GCC_WARN_UNINITIALIZED_AUTOS = YES_AGGRESSIVE;
				GCC_WARN_UNUSED_FUNCTION = YES;
				GCC_WARN_UNUSED_VARIABLE = YES;
				IPHONEOS_DEPLOYMENT_TARGET = 17.5;
				LOCALIZATION_PREFERS_STRING_CATALOGS = YES;
				MTL_ENABLE_DEBUG_INFO = INCLUDE_SOURCE;
				MTL_FAST_MATH = YES;
				ONLY_ACTIVE_ARCH = YES;
				SDKROOT = iphoneos;
				SWIFT_ACTIVE_COMPILATION_CONDITIONS = "DEBUG $(inherited)";
				SWIFT_OPTIMIZATION_LEVEL = "-Onone";
			};
			name = Debug;
		};
		801A957A2E76959B00A9AC63 /* Release */ = {
			isa = XCBuildConfiguration;
			buildSettings = {
				ALWAYS_SEARCH_USER_PATHS = NO;
				ASSETCATALOG_COMPILER_GENERATE_SWIFT_ASSET_SYMBOL_EXTENSIONS = YES;
				CLANG_ANALYZER_NONNULL = YES;
				CLANG_ANALYZER_NUMBER_OBJECT_CONVERSION = YES_AGGRESSIVE;
				CLANG_CXX_LANGUAGE_STANDARD = "gnu++20";
				CLANG_ENABLE_MODULES = YES;
				CLANG_ENABLE_OBJC_ARC = YES;
				CLANG_ENABLE_OBJC_WEAK = YES;
				CLANG_WARN_BLOCK_CAPTURE_AUTORELEASING = YES;
				CLANG_WARN_BOOL_CONVERSION = YES;
				CLANG_WARN_COMMA = YES;
				CLANG_WARN_CONSTANT_CONVERSION = YES;
				CLANG_WARN_DEPRECATED_OBJC_IMPLEMENTATIONS = YES;
				CLANG_WARN_DIRECT_OBJC_ISA_USAGE = YES_ERROR;
				CLANG_WARN_DOCUMENTATION_COMMENTS = YES;
				CLANG_WARN_EMPTY_BODY = YES;
				CLANG_WARN_ENUM_CONVERSION = YES;
				CLANG_WARN_INFINITE_RECURSION = YES;
				CLANG_WARN_INT_CONVERSION = YES;
				CLANG_WARN_NON_LITERAL_NULL_CONVERSION = YES;
				CLANG_WARN_OBJC_IMPLICIT_RETAIN_SELF = YES;
				CLANG_WARN_OBJC_LITERAL_CONVERSION = YES;
				CLANG_WARN_OBJC_ROOT_CLASS = YES_ERROR;
				CLANG_WARN_QUOTED_INCLUDE_IN_FRAMEWORK_HEADER = YES;
				CLANG_WARN_RANGE_LOOP_ANALYSIS = YES;
				CLANG_WARN_STRICT_PROTOTYPES = YES;
				CLANG_WARN_SUSPICIOUS_MOVE = YES;
				CLANG_WARN_UNGUARDED_AVAILABILITY = YES_AGGRESSIVE;
				CLANG_WARN_UNREACHABLE_CODE = YES;
				CLANG_WARN__DUPLICATE_METHOD_MATCH = YES;
				COPY_PHASE_STRIP = NO;
				DEBUG_INFORMATION_FORMAT = "dwarf-with-dsym";
				ENABLE_NS_ASSERTIONS = NO;
				ENABLE_STRICT_OBJC_MSGSEND = YES;
				ENABLE_USER_SCRIPT_SANDBOXING = YES;
				GCC_C_LANGUAGE_STANDARD = gnu17;
				GCC_NO_COMMON_BLOCKS = YES;
				GCC_WARN_64_TO_32_BIT_CONVERSION = YES;
				GCC_WARN_ABOUT_RETURN_TYPE = YES_ERROR;
				GCC_WARN_UNDECLARED_SELECTOR = YES;
				GCC_WARN_UNINITIALIZED_AUTOS = YES_AGGRESSIVE;
				GCC_WARN_UNUSED_FUNCTION = YES;
				GCC_WARN_UNUSED_VARIABLE = YES;
				IPHONEOS_DEPLOYMENT_TARGET = 17.5;
				LOCALIZATION_PREFERS_STRING_CATALOGS = YES;
				MTL_ENABLE_DEBUG_INFO = NO;
				MTL_FAST_MATH = YES;
				SDKROOT = iphoneos;
				SWIFT_COMPILATION_MODE = wholemodule;
				VALIDATE_PRODUCT = YES;
			};
			name = Release;
		};
		801A957C2E76959B00A9AC63 /* Debug */ = {
			isa = XCBuildConfiguration;
			buildSettings = {
				ASSETCATALOG_COMPILER_APPICON_NAME = AppIcon;
				ASSETCATALOG_COMPILER_GLOBAL_ACCENT_COLOR_NAME = AccentColor;
				CODE_SIGN_STYLE = Automatic;
				CURRENT_PROJECT_VERSION = 1;
				DEVELOPMENT_ASSET_PATHS = "\"WakeOrPay/Preview Content\"";
				DEVELOPMENT_TEAM = 68L878M759;
				ENABLE_PREVIEWS = YES;
				GENERATE_INFOPLIST_FILE = YES;
				INFOPLIST_FILE = WakeOrPay/Info.plist;
				INFOPLIST_KEY_LSApplicationCategoryType = "";
				INFOPLIST_KEY_NSCameraUsageDescription = "値に \"WakeOrPayでアラーム停止用QRコードをスキャンするためにカメラを使用します\" を入力\n値に \"WakeOrPayでアラーム停止用QRコードをスキャンするためにカメラを使用します\" を入力\n値に \"WakeOrPayでアラーム停止用QRコードをスキャンするためにカメラを使用します\" を入力\nWakeOrPayでアラーム停止用QRコードをスキャンするためにカメラを使用します";
				INFOPLIST_KEY_UIApplicationSceneManifest_Generation = YES;
				INFOPLIST_KEY_UIApplicationSupportsIndirectInputEvents = YES;
				INFOPLIST_KEY_UILaunchScreen_Generation = YES;
				INFOPLIST_KEY_UISupportedInterfaceOrientations_iPad = "UIInterfaceOrientationPortrait UIInterfaceOrientationPortraitUpsideDown UIInterfaceOrientationLandscapeLeft UIInterfaceOrientationLandscapeRight";
				INFOPLIST_KEY_UISupportedInterfaceOrientations_iPhone = "UIInterfaceOrientationPortrait UIInterfaceOrientationLandscapeLeft UIInterfaceOrientationLandscapeRight";
				LD_RUNPATH_SEARCH_PATHS = (
					"$(inherited)",
					"@executable_path/Frameworks",
				);
				MARKETING_VERSION = 1.0;
				PRODUCT_BUNDLE_IDENTIFIER = com.ikkei.WakeOrPay;
				PRODUCT_NAME = "$(TARGET_NAME)";
				SWIFT_EMIT_LOC_STRINGS = YES;
				SWIFT_VERSION = 5.0;
				TARGETED_DEVICE_FAMILY = "1,2";
			};
			name = Debug;
		};
		801A957D2E76959B00A9AC63 /* Release */ = {
			isa = XCBuildConfiguration;
			buildSettings = {
				ASSETCATALOG_COMPILER_APPICON_NAME = AppIcon;
				ASSETCATALOG_COMPILER_GLOBAL_ACCENT_COLOR_NAME = AccentColor;
				CODE_SIGN_STYLE = Automatic;
				CURRENT_PROJECT_VERSION = 1;
				DEVELOPMENT_ASSET_PATHS = "\"WakeOrPay/Preview Content\"";
				DEVELOPMENT_TEAM = 68L878M759;
				ENABLE_PREVIEWS = YES;
				GENERATE_INFOPLIST_FILE = YES;
				INFOPLIST_FILE = WakeOrPay/Info.plist;
				INFOPLIST_KEY_LSApplicationCategoryType = "";
				INFOPLIST_KEY_NSCameraUsageDescription = "値に \"WakeOrPayでアラーム停止用QRコードをスキャンするためにカメラを使用します\" を入力\n値に \"WakeOrPayでアラーム停止用QRコードをスキャンするためにカメラを使用します\" を入力\n値に \"WakeOrPayでアラーム停止用QRコードをスキャンするためにカメラを使用します\" を入力\nWakeOrPayでアラーム停止用QRコードをスキャンするためにカメラを使用します";
				INFOPLIST_KEY_UIApplicationSceneManifest_Generation = YES;
				INFOPLIST_KEY_UIApplicationSupportsIndirectInputEvents = YES;
				INFOPLIST_KEY_UILaunchScreen_Generation = YES;
				INFOPLIST_KEY_UISupportedInterfaceOrientations_iPad = "UIInterfaceOrientationPortrait UIInterfaceOrientationPortraitUpsideDown UIInterfaceOrientationLandscapeLeft UIInterfaceOrientationLandscapeRight";
				INFOPLIST_KEY_UISupportedInterfaceOrientations_iPhone = "UIInterfaceOrientationPortrait UIInterfaceOrientationLandscapeLeft UIInterfaceOrientationLandscapeRight";
				LD_RUNPATH_SEARCH_PATHS = (
					"$(inherited)",
					"@executable_path/Frameworks",
				);
				MARKETING_VERSION = 1.0;
				PRODUCT_BUNDLE_IDENTIFIER = com.ikkei.WakeOrPay;
				PRODUCT_NAME = "$(TARGET_NAME)";
				SWIFT_EMIT_LOC_STRINGS = YES;
				SWIFT_VERSION = 5.0;
				TARGETED_DEVICE_FAMILY = "1,2";
			};
			name = Release;
		};
/* End XCBuildConfiguration section */

/* Begin XCConfigurationList section */
		801A95682E76959900A9AC63 /* Build configuration list for PBXProject "WakeOrPay" */ = {
			isa = XCConfigurationList;
			buildConfigurations = (
				801A95792E76959B00A9AC63 /* Debug */,
				801A957A2E76959B00A9AC63 /* Release */,
			);
			defaultConfigurationIsVisible = 0;
			defaultConfigurationName = Release;
		};
		801A957B2E76959B00A9AC63 /* Build configuration list for PBXNativeTarget "WakeOrPay" */ = {
			isa = XCConfigurationList;
			buildConfigurations = (
				801A957C2E76959B00A9AC63 /* Debug */,
				801A957D2E76959B00A9AC63 /* Release */,
			);
			defaultConfigurationIsVisible = 0;
			defaultConfigurationName = Release;
		};
/* End XCConfigurationList section */
	};
	rootObject = 801A95652E76959900A9AC63 /* Project object */;
}
